
Microsoft Visual Studio Solution File, Format Version 12.00
# Visual Studio Version 17
VisualStudioVersion = 17.1.32328.378
MinimumVisualStudioVersion = 10.0.40219.1
Project("{9A19103F-16F7-4668-BE54-9A1E7A4F7556}") = "LANCommander.Server", "LANCommander.Server\LANCommander.Server.csproj", "{C64D17A8-CDB3-4D1E-858F-6CF05B6FED4D}"
EndProject
Project("{9A19103F-16F7-4668-BE54-9A1E7A4F7556}") = "LANCommander.SDK", "LANCommander.SDK\LANCommander.SDK.csproj", "{4C2A71FD-A30B-4D62-888A-4EF843D8E506}"
EndProject
Project("{9A19103F-16F7-4668-BE54-9A1E7A4F7556}") = "LANCommander.PCGamingWiki", "LANCommander.PCGamingWiki\LANCommander.PCGamingWiki.csproj", "{2436B817-4475-4E70-9BB2-E1E7866DB79F}"
EndProject
Project("{9A19103F-16F7-4668-BE54-9A1E7A4F7556}") = "LANCommander.SDK.Tests", "LANCommander.SDK.Tests\LANCommander.SDK.Tests.csproj", "{7EF67B44-C563-4809-9B5A-FDDB90A2E709}"
EndProject
Project("{9A19103F-16F7-4668-BE54-9A1E7A4F7556}") = "LANCommander.AutoUpdater", "LANCommander.AutoUpdater\LANCommander.AutoUpdater.csproj", "{C580750D-5F66-4613-979D-67379D8F4170}"
EndProject
Project("{9A19103F-16F7-4668-BE54-9A1E7A4F7556}") = "LANCommander.Launcher.Data", "LANCommander.Launcher.Data\LANCommander.Launcher.Data.csproj", "{02FBFF81-6550-4E11-A78C-E965E593B3CC}"
EndProject
Project("{9A19103F-16F7-4668-BE54-9A1E7A4F7556}") = "LANCommander.Launcher", "LANCommander.Launcher\LANCommander.Launcher.csproj", "{28D73284-B55A-4468-B96D-394C39BA162D}"
EndProject
Project("{9A19103F-16F7-4668-BE54-9A1E7A4F7556}") = "Photino.Blazor.CustomWindow", "Photino.Blazor.CustomWindow\Photino.Blazor.CustomWindow\Photino.Blazor.CustomWindow.csproj", "{7EF5AB60-84C3-47FC-A845-AE669A314CFE}"
EndProject
Project("{9A19103F-16F7-4668-BE54-9A1E7A4F7556}") = "SharpCompress", "SharpCompress\src\SharpCompress\SharpCompress.csproj", "{CB30ECCD-0144-4E37-B5B9-111E45FBDAFC}"
EndProject
Project("{9A19103F-16F7-4668-BE54-9A1E7A4F7556}") = "LANCommander.Steam", "LANCommander.Steam\LANCommander.Steam.csproj", "{9CFBF137-0277-41BA-A7EB-C0DDCF119E85}"
EndProject
Project("{9A19103F-16F7-4668-BE54-9A1E7A4F7556}") = "LANCommander.Launcher.Services", "LANCommander.Launcher.Services\LANCommander.Launcher.Services.csproj", "{8719E821-2D43-4780-B13F-D4BD2EA17BFB}"
EndProject
Project("{9A19103F-16F7-4668-BE54-9A1E7A4F7556}") = "LANCommander.Launcher.Models", "LANCommander.Launcher.Models\LANCommander.Launcher.Models.csproj", "{DEF4735D-DF0A-4CE7-931B-7CCE91191FF9}"
EndProject
Project("{9A19103F-16F7-4668-BE54-9A1E7A4F7556}") = "LANCommander.Launcher.CLI", "LANCommander.Launcher.CLI\LANCommander.Launcher.CLI.csproj", "{7453725F-00C9-4FBD-A395-E8BF1D945E44}"
EndProject
Project("{9A19103F-16F7-4668-BE54-9A1E7A4F7556}") = "LANCommander.UI", "LANCommander.UI\LANCommander.UI.csproj", "{D69FF032-2013-4C4A-8719-44B79E48F898}"
EndProject
Project("{2150E333-8FDC-42A3-9474-1A3956D46DE8}") = "Solution Items", "Solution Items", "{618B69EA-3F75-4BF6-83FF-3FE33705FDD6}"
	ProjectSection(SolutionItems) = preProject
		Microsoft.Common.props = Microsoft.Common.props
	EndProjectSection
EndProject
EndProject
Global
	GlobalSection(SolutionConfigurationPlatforms) = preSolution
		Debug|Any CPU = Debug|Any CPU
		Release|Any CPU = Release|Any CPU
	EndGlobalSection
	GlobalSection(ProjectConfigurationPlatforms) = postSolution
		{C64D17A8-CDB3-4D1E-858F-6CF05B6FED4D}.Debug|Any CPU.ActiveCfg = Debug|Any CPU
		{C64D17A8-CDB3-4D1E-858F-6CF05B6FED4D}.Debug|Any CPU.Build.0 = Debug|Any CPU
		{C64D17A8-CDB3-4D1E-858F-6CF05B6FED4D}.Release|Any CPU.ActiveCfg = Release|Any CPU
		{C64D17A8-CDB3-4D1E-858F-6CF05B6FED4D}.Release|Any CPU.Build.0 = Release|Any CPU
		{4C2A71FD-A30B-4D62-888A-4EF843D8E506}.Debug|Any CPU.ActiveCfg = Debug|Any CPU
		{4C2A71FD-A30B-4D62-888A-4EF843D8E506}.Debug|Any CPU.Build.0 = Debug|Any CPU
		{4C2A71FD-A30B-4D62-888A-4EF843D8E506}.Release|Any CPU.ActiveCfg = Release|Any CPU
		{4C2A71FD-A30B-4D62-888A-4EF843D8E506}.Release|Any CPU.Build.0 = Release|Any CPU
		{2436B817-4475-4E70-9BB2-E1E7866DB79F}.Debug|Any CPU.ActiveCfg = Debug|Any CPU
		{2436B817-4475-4E70-9BB2-E1E7866DB79F}.Debug|Any CPU.Build.0 = Debug|Any CPU
		{2436B817-4475-4E70-9BB2-E1E7866DB79F}.Release|Any CPU.ActiveCfg = Release|Any CPU
		{2436B817-4475-4E70-9BB2-E1E7866DB79F}.Release|Any CPU.Build.0 = Release|Any CPU
		{7EF67B44-C563-4809-9B5A-FDDB90A2E709}.Debug|Any CPU.ActiveCfg = Debug|Any CPU
		{7EF67B44-C563-4809-9B5A-FDDB90A2E709}.Debug|Any CPU.Build.0 = Debug|Any CPU
		{7EF67B44-C563-4809-9B5A-FDDB90A2E709}.Release|Any CPU.ActiveCfg = Release|Any CPU
		{7EF67B44-C563-4809-9B5A-FDDB90A2E709}.Release|Any CPU.Build.0 = Release|Any CPU
		{C580750D-5F66-4613-979D-67379D8F4170}.Debug|Any CPU.ActiveCfg = Debug|Any CPU
		{C580750D-5F66-4613-979D-67379D8F4170}.Debug|Any CPU.Build.0 = Debug|Any CPU
		{C580750D-5F66-4613-979D-67379D8F4170}.Release|Any CPU.ActiveCfg = Release|Any CPU
		{C580750D-5F66-4613-979D-67379D8F4170}.Release|Any CPU.Build.0 = Release|Any CPU
		{02FBFF81-6550-4E11-A78C-E965E593B3CC}.Debug|Any CPU.ActiveCfg = Debug|Any CPU
		{02FBFF81-6550-4E11-A78C-E965E593B3CC}.Debug|Any CPU.Build.0 = Debug|Any CPU
		{02FBFF81-6550-4E11-A78C-E965E593B3CC}.Release|Any CPU.ActiveCfg = Release|Any CPU
		{02FBFF81-6550-4E11-A78C-E965E593B3CC}.Release|Any CPU.Build.0 = Release|Any CPU
		{28D73284-B55A-4468-B96D-394C39BA162D}.Debug|Any CPU.ActiveCfg = Debug|Any CPU
		{28D73284-B55A-4468-B96D-394C39BA162D}.Debug|Any CPU.Build.0 = Debug|Any CPU
		{28D73284-B55A-4468-B96D-394C39BA162D}.Release|Any CPU.ActiveCfg = Release|Any CPU
		{28D73284-B55A-4468-B96D-394C39BA162D}.Release|Any CPU.Build.0 = Release|Any CPU
		{7EF5AB60-84C3-47FC-A845-AE669A314CFE}.Debug|Any CPU.ActiveCfg = Debug|Any CPU
		{7EF5AB60-84C3-47FC-A845-AE669A314CFE}.Debug|Any CPU.Build.0 = Debug|Any CPU
		{7EF5AB60-84C3-47FC-A845-AE669A314CFE}.Release|Any CPU.ActiveCfg = Release|Any CPU
		{7EF5AB60-84C3-47FC-A845-AE669A314CFE}.Release|Any CPU.Build.0 = Release|Any CPU
		{CB30ECCD-0144-4E37-B5B9-111E45FBDAFC}.Debug|Any CPU.ActiveCfg = Debug|Any CPU
		{CB30ECCD-0144-4E37-B5B9-111E45FBDAFC}.Debug|Any CPU.Build.0 = Debug|Any CPU
		{CB30ECCD-0144-4E37-B5B9-111E45FBDAFC}.Release|Any CPU.ActiveCfg = Release|Any CPU
		{CB30ECCD-0144-4E37-B5B9-111E45FBDAFC}.Release|Any CPU.Build.0 = Release|Any CPU
		{9CFBF137-0277-41BA-A7EB-C0DDCF119E85}.Debug|Any CPU.ActiveCfg = Debug|Any CPU
		{9CFBF137-0277-41BA-A7EB-C0DDCF119E85}.Debug|Any CPU.Build.0 = Debug|Any CPU
		{9CFBF137-0277-41BA-A7EB-C0DDCF119E85}.Release|Any CPU.ActiveCfg = Release|Any CPU
		{9CFBF137-0277-41BA-A7EB-C0DDCF119E85}.Release|Any CPU.Build.0 = Release|Any CPU
		{8719E821-2D43-4780-B13F-D4BD2EA17BFB}.Debug|Any CPU.ActiveCfg = Debug|Any CPU
		{8719E821-2D43-4780-B13F-D4BD2EA17BFB}.Debug|Any CPU.Build.0 = Debug|Any CPU
		{8719E821-2D43-4780-B13F-D4BD2EA17BFB}.Release|Any CPU.ActiveCfg = Release|Any CPU
		{8719E821-2D43-4780-B13F-D4BD2EA17BFB}.Release|Any CPU.Build.0 = Release|Any CPU
		{DEF4735D-DF0A-4CE7-931B-7CCE91191FF9}.Debug|Any CPU.ActiveCfg = Debug|Any CPU
		{DEF4735D-DF0A-4CE7-931B-7CCE91191FF9}.Debug|Any CPU.Build.0 = Debug|Any CPU
		{DEF4735D-DF0A-4CE7-931B-7CCE91191FF9}.Release|Any CPU.ActiveCfg = Release|Any CPU
		{DEF4735D-DF0A-4CE7-931B-7CCE91191FF9}.Release|Any CPU.Build.0 = Release|Any CPU
		{7453725F-00C9-4FBD-A395-E8BF1D945E44}.Debug|Any CPU.ActiveCfg = Debug|Any CPU
		{7453725F-00C9-4FBD-A395-E8BF1D945E44}.Debug|Any CPU.Build.0 = Debug|Any CPU
		{7453725F-00C9-4FBD-A395-E8BF1D945E44}.Release|Any CPU.ActiveCfg = Release|Any CPU
		{7453725F-00C9-4FBD-A395-E8BF1D945E44}.Release|Any CPU.Build.0 = Release|Any CPU
		{D69FF032-2013-4C4A-8719-44B79E48F898}.Debug|Any CPU.ActiveCfg = Debug|Any CPU
		{D69FF032-2013-4C4A-8719-44B79E48F898}.Debug|Any CPU.Build.0 = Debug|Any CPU
		{D69FF032-2013-4C4A-8719-44B79E48F898}.Release|Any CPU.ActiveCfg = Release|Any CPU
		{D69FF032-2013-4C4A-8719-44B79E48F898}.Release|Any CPU.Build.0 = Release|Any CPU
	EndGlobalSection
	GlobalSection(SolutionProperties) = preSolution
		HideSolutionNode = FALSE
	EndGlobalSection
	GlobalSection(ExtensibilityGlobals) = postSolution
		SolutionGuid = {CBA5868D-8784-40B3-8E3D-46C24FDDC425}
	EndGlobalSection
EndGlobal
